
Microsoft Visual Studio Solution File, Format Version 12.00
# Visual Studio Version 17
VisualStudioVersion = 17.10.35013.160
MinimumVisualStudioVersion = 10.0.40219.1
Project("{FAE04EC0-301F-11D3-BF4B-00C04F79EFBC}") = "BinaryTree", "BinaryTree\BinaryTree.csproj", "{579731F7-41D1-4997-8825-D1E5C4B5704B}"
EndProject
Global
	GlobalSection(SolutionConfigurationPlatforms) = preSolution
		Debug|Any CPU = Debug|Any CPU
		Release|Any CPU = Release|Any CPU
	EndGlobalSection
	GlobalSection(ProjectConfigurationPlatforms) = postSolution
		{579731F7-41D1-4997-8825-D1E5C4B5704B}.Debug|Any CPU.ActiveCfg = Debug|Any CPU
		{579731F7-41D1-4997-8825-D1E5C4B5704B}.Debug|Any CPU.Build.0 = Debug|Any CPU
		{579731F7-41D1-4997-8825-D1E5C4B5704B}.Release|Any CPU.ActiveCfg = Release|Any CPU
		{579731F7-41D1-4997-8825-D1E5C4B5704B}.Release|Any CPU.Build.0 = Release|Any CPU
	EndGlobalSection
	GlobalSection(SolutionProperties) = preSolution
		HideSolutionNode = FALSE
	EndGlobalSection
	GlobalSection(ExtensibilityGlobals) = postSolution
		SolutionGuid = {491C8502-CD51-4A33-8436-A3A700B6B998}
	EndGlobalSection
EndGlobal
